// !$*UTF8*$!
{
	archiveVersion = 1;
	classes = {
	};
	objectVersion = 77;
	objects = {

/* Begin PBXContainerItemProxy section */
		3EB3815B2F161AE10093F349 /* PBXContainerItemProxy */ = {
			isa = PBXContainerItemProxy;
			containerPortal = 3EB381432F161ADF0093F349 /* Project object */;
			proxyType = 1;
			remoteGlobalIDString = 3EB3814A2F161ADF0093F349;
			remoteInfo = spendwise_nick;
		};
		3EB381652F161AE10093F349 /* PBXContainerItemProxy */ = {
			isa = PBXContainerItemProxy;
			containerPortal = 3EB381432F161ADF0093F349 /* Project object */;
			proxyType = 1;
			remoteGlobalIDString = 3EB3814A2F161ADF0093F349;
			remoteInfo = spendwise_nick;
		};
/* End PBXContainerItemProxy section */

/* Begin PBXFileReference section */
		3EB3814B2F161ADF0093F349 /* spendwise_nick.app */ = {isa = PBXFileReference; explicitFileType = wrapper.application; includeInIndex = 0; path = spendwise_nick.app; sourceTree = BUILT_PRODUCTS_DIR; };
		3EB3815A2F161AE10093F349 /* spendwise_nickTests.xctest */ = {isa = PBXFileReference; explicitFileType = wrapper.cfbundle; includeInIndex = 0; path = spendwise_nickTests.xctest; sourceTree = BUILT_PRODUCTS_DIR; };
		3EB381642F161AE10093F349 /* spendwise_nickUITests.xctest */ = {isa = PBXFileReference; explicitFileType = wrapper.cfbundle; includeInIndex = 0; path = spendwise_nickUITests.xctest; sourceTree = BUILT_PRODUCTS_DIR; };
/* End PBXFileReference section */

/* Begin PBXFileSystemSynchronizedRootGroup section */
		3EB3814D2F161ADF0093F349 /* spendwise_nick */ = {
			isa = PBXFileSystemSynchronizedRootGroup;
			path = spendwise_nick;
			sourceTree = "<group>";
		};
		3EB3815D2F161AE10093F349 /* spendwise_nickTests */ = {
			isa = PBXFileSystemSynchronizedRootGroup;
			path = spendwise_nickTests;
			sourceTree = "<group>";
		};
		3EB381672F161AE10093F349 /* spendwise_nickUITests */ = {
			isa = PBXFileSystemSynchronizedRootGroup;
			path = spendwise_nickUITests;
			sourceTree = "<group>";
		};
/* End PBXFileSystemSynchronizedRootGroup section */

/* Begin PBXFrameworksBuildPhase section */
		3EB381482F161ADF0093F349 /* Frameworks */ = {
			isa = PBXFrameworksBuildPhase;
			buildActionMask = 2147483647;
			files = (
			);
			runOnlyForDeploymentPostprocessing = 0;
		};
		3EB381572F161AE10093F349 /* Frameworks */ = {
			isa = PBXFrameworksBuildPhase;
			buildActionMask = 2147483647;
			files = (
			);
			runOnlyForDeploymentPostprocessing = 0;
		};
		3EB381612F161AE10093F349 /* Frameworks */ = {
			isa = PBXFrameworksBuildPhase;
			buildActionMask = 2147483647;
			files = (
			);
			runOnlyForDeploymentPostprocessing = 0;
		};
/* End PBXFrameworksBuildPhase section */

/* Begin PBXGroup section */
		3EB381422F161ADF0093F349 = {
			isa = PBXGroup;
			children = (
				3EB3814D2F161ADF0093F349 /* spendwise_nick */,
				3EB3815D2F161AE10093F349 /* spendwise_nickTests */,
				3EB381672F161AE10093F349 /* spendwise_nickUITests */,
				3EB3814C2F161ADF0093F349 /* Products */,
			);
			sourceTree = "<group>";
		};
		3EB3814C2F161ADF0093F349 /* Products */ = {
			isa = PBXGroup;
			children = (
				3EB3814B2F161ADF0093F349 /* spendwise_nick.app */,
				3EB3815A2F161AE10093F349 /* spendwise_nickTests.xctest */,
				3EB381642F161AE10093F349 /* spendwise_nickUITests.xctest */,
			);
			name = Products;
			sourceTree = "<group>";
		};
/* End PBXGroup section */

/* Begin PBXNativeTarget section */
		3EB3814A2F161ADF0093F349 /* spendwise_nick */ = {
			isa = PBXNativeTarget;
			buildConfigurationList = 3EB3816E2F161AE10093F349 /* Build configuration list for PBXNativeTarget "spendwise_nick" */;
			buildPhases = (
				3EB381472F161ADF0093F349 /* Sources */,
				3EB381482F161ADF0093F349 /* Frameworks */,
				3EB381492F161ADF0093F349 /* Resources */,
			);
			buildRules = (
			);
			dependencies = (
			);
			fileSystemSynchronizedGroups = (
				3EB3814D2F161ADF0093F349 /* spendwise_nick */,
			);
			name = spendwise_nick;
			packageProductDependencies = (
			);
			productName = spendwise_nick;
			productReference = 3EB3814B2F161ADF0093F349 /* spendwise_nick.app */;
			productType = "com.apple.product-type.application";
		};
		3EB381592F161AE10093F349 /* spendwise_nickTests */ = {
			isa = PBXNativeTarget;
			buildConfigurationList = 3EB381712F161AE10093F349 /* Build configuration list for PBXNativeTarget "spendwise_nickTests" */;
			buildPhases = (
				3EB381562F161AE10093F349 /* Sources */,
				3EB381572F161AE10093F349 /* Frameworks */,
				3EB381582F161AE10093F349 /* Resources */,
			);
			buildRules = (
			);
			dependencies = (
				3EB3815C2F161AE10093F349 /* PBXTargetDependency */,
			);
			fileSystemSynchronizedGroups = (
				3EB3815D2F161AE10093F349 /* spendwise_nickTests */,
			);
			name = spendwise_nickTests;
			packageProductDependencies = (
			);
			productName = spendwise_nickTests;
			productReference = 3EB3815A2F161AE10093F349 /* spendwise_nickTests.xctest */;
			productType = "com.apple.product-type.bundle.unit-test";
		};
		3EB381632F161AE10093F349 /* spendwise_nickUITests */ = {
			isa = PBXNativeTarget;
			buildConfigurationList = 3EB381742F161AE10093F349 /* Build configuration list for PBXNativeTarget "spendwise_nickUITests" */;
			buildPhases = (
				3EB381602F161AE10093F349 /* Sources */,
				3EB381612F161AE10093F349 /* Frameworks */,
				3EB381622F161AE10093F349 /* Resources */,
			);
			buildRules = (
			);
			dependencies = (
				3EB381662F161AE10093F349 /* PBXTargetDependency */,
			);
			fileSystemSynchronizedGroups = (
				3EB381672F161AE10093F349 /* spendwise_nickUITests */,
			);
			name = spendwise_nickUITests;
			packageProductDependencies = (
			);
			productName = spendwise_nickUITests;
			productReference = 3EB381642F161AE10093F349 /* spendwise_nickUITests.xctest */;
			productType = "com.apple.product-type.bundle.ui-testing";
		};
/* End PBXNativeTarget section */

/* Begin PBXProject section */
		3EB381432F161ADF0093F349 /* Project object */ = {
			isa = PBXProject;
			attributes = {
				BuildIndependentTargetsInParallel = 1;
				LastSwiftUpdateCheck = 1630;
				LastUpgradeCheck = 1630;
				TargetAttributes = {
					3EB3814A2F161ADF0093F349 = {
						CreatedOnToolsVersion = 16.3;
					};
					3EB381592F161AE10093F349 = {
						CreatedOnToolsVersion = 16.3;
						TestTargetID = 3EB3814A2F161ADF0093F349;
					};
					3EB381632F161AE10093F349 = {
						CreatedOnToolsVersion = 16.3;
						TestTargetID = 3EB3814A2F161ADF0093F349;
					};
				};
			};
			buildConfigurationList = 3EB381462F161ADF0093F349 /* Build configuration list for PBXProject "spendwise_nick" */;
			developmentRegion = en;
			hasScannedForEncodings = 0;
			knownRegions = (
				en,
				Base,
			);
			mainGroup = 3EB381422F161ADF0093F349;
			minimizedProjectReferenceProxies = 1;
			preferredProjectObjectVersion = 77;
			productRefGroup = 3EB3814C2F161ADF0093F349 /* Products */;
			projectDirPath = "";
			projectRoot = "";
			targets = (
				3EB3814A2F161ADF0093F349 /* spendwise_nick */,
				3EB381592F161AE10093F349 /* spendwise_nickTests */,
				3EB381632F161AE10093F349 /* spendwise_nickUITests */,
			);
		};
/* End PBXProject section */

/* Begin PBXResourcesBuildPhase section */
		3EB381492F161ADF0093F349 /* Resources */ = {
			isa = PBXResourcesBuildPhase;
			buildActionMask = 2147483647;
			files = (
			);
			runOnlyForDeploymentPostprocessing = 0;
		};
		3EB381582F161AE10093F349 /* Resources */ = {
			isa = PBXResourcesBuildPhase;
			buildActionMask = 2147483647;
			files = (
			);
			runOnlyForDeploymentPostprocessing = 0;
		};
		3EB381622F161AE10093F349 /* Resources */ = {
			isa = PBXResourcesBuildPhase;
			buildActionMask = 2147483647;
			files = (
			);
			runOnlyForDeploymentPostprocessing = 0;
		};
/* End PBXResourcesBuildPhase section */

/* Begin PBXSourcesBuildPhase section */
		3EB381472F161ADF0093F349 /* Sources */ = {
			isa = PBXSourcesBuildPhase;
			buildActionMask = 2147483647;
			files = (
			);
			runOnlyForDeploymentPostprocessing = 0;
		};
		3EB381562F161AE10093F349 /* Sources */ = {
			isa = PBXSourcesBuildPhase;
			buildActionMask = 2147483647;
			files = (
			);
			runOnlyForDeploymentPostprocessing = 0;
		};
		3EB381602F161AE10093F349 /* Sources */ = {
			isa = PBXSourcesBuildPhase;
			buildActionMask = 2147483647;
			files = (
			);
			runOnlyForDeploymentPostprocessing = 0;
		};
/* End PBXSourcesBuildPhase section */

/* Begin PBXTargetDependency section */
		3EB3815C2F161AE10093F349 /* PBXTargetDependency */ = {
			isa = PBXTargetDependency;
			target = 3EB3814A2F161ADF0093F349 /* spendwise_nick */;
			targetProxy = 3EB3815B2F161AE10093F349 /* PBXContainerItemProxy */;
		};
		3EB381662F161AE10093F349 /* PBXTargetDependency */ = {
			isa = PBXTargetDependency;
			target = 3EB3814A2F161ADF0093F349 /* spendwise_nick */;
			targetProxy = 3EB381652F161AE10093F349 /* PBXContainerItemProxy */;
		};
/* End PBXTargetDependency section */

/* Begin XCBuildConfiguration section */
		3EB3816C2F161AE10093F349 /* Debug */ = {
			isa = XCBuildConfiguration;
			buildSettings = {
				ALWAYS_SEARCH_USER_PATHS = NO;
				ASSETCATALOG_COMPILER_GENERATE_SWIFT_ASSET_SYMBOL_EXTENSIONS = YES;
				CLANG_ANALYZER_NONNULL = YES;
				CLANG_ANALYZER_NUMBER_OBJECT_CONVERSION = YES_AGGRESSIVE;
				CLANG_CXX_LANGUAGE_STANDARD = "gnu++20";
				CLANG_ENABLE_MODULES = YES;
				CLANG_ENABLE_OBJC_ARC = YES;
				CLANG_ENABLE_OBJC_WEAK = YES;
				CLANG_WARN_BLOCK_CAPTURE_AUTORELEASING = YES;
				CLANG_WARN_BOOL_CONVERSION = YES;
				CLANG_WARN_COMMA = YES;
				CLANG_WARN_CONSTANT_CONVERSION = YES;
				CLANG_WARN_DEPRECATED_OBJC_IMPLEMENTATIONS = YES;
				CLANG_WARN_DIRECT_OBJC_ISA_USAGE = YES_ERROR;
				CLANG_WARN_DOCUMENTATION_COMMENTS = YES;
				CLANG_WARN_EMPTY_BODY = YES;
				CLANG_WARN_ENUM_CONVERSION = YES;
				CLANG_WARN_INFINITE_RECURSION = YES;
				CLANG_WARN_INT_CONVERSION = YES;
				CLANG_WARN_NON_LITERAL_NULL_CONVERSION = YES;
				CLANG_WARN_OBJC_IMPLICIT_RETAIN_SELF = YES;
				CLANG_WARN_OBJC_LITERAL_CONVERSION = YES;
				CLANG_WARN_OBJC_ROOT_CLASS = YES_ERROR;
				CLANG_WARN_QUOTED_INCLUDE_IN_FRAMEWORK_HEADER = YES;
				CLANG_WARN_RANGE_LOOP_ANALYSIS = YES;
				CLANG_WARN_STRICT_PROTOTYPES = YES;
				CLANG_WARN_SUSPICIOUS_MOVE = YES;
				CLANG_WARN_UNGUARDED_AVAILABILITY = YES_AGGRESSIVE;
				CLANG_WARN_UNREACHABLE_CODE = YES;
				CLANG_WARN__DUPLICATE_METHOD_MATCH = YES;
				COPY_PHASE_STRIP = NO;
				DEBUG_INFORMATION_FORMAT = dwarf;
				ENABLE_STRICT_OBJC_MSGSEND = YES;
				ENABLE_TESTABILITY = YES;
				ENABLE_USER_SCRIPT_SANDBOXING = YES;
				GCC_C_LANGUAGE_STANDARD = gnu17;
				GCC_DYNAMIC_NO_PIC = NO;
				GCC_NO_COMMON_BLOCKS = YES;
				GCC_OPTIMIZATION_LEVEL = 0;
				GCC_PREPROCESSOR_DEFINITIONS = (
					"DEBUG=1",
					"$(inherited)",
				);
				GCC_WARN_64_TO_32_BIT_CONVERSION = YES;
				GCC_WARN_ABOUT_RETURN_TYPE = YES_ERROR;
				GCC_WARN_UNDECLARED_SELECTOR = YES;
				GCC_WARN_UNINITIALIZED_AUTOS = YES_AGGRESSIVE;
				GCC_WARN_UNUSED_FUNCTION = YES;
				GCC_WARN_UNUSED_VARIABLE = YES;
				IPHONEOS_DEPLOYMENT_TARGET = 18.4;
				LOCALIZATION_PREFERS_STRING_CATALOGS = YES;
				MTL_ENABLE_DEBUG_INFO = INCLUDE_SOURCE;
				MTL_FAST_MATH = YES;
				ONLY_ACTIVE_ARCH = YES;
				SDKROOT = iphoneos;
				SWIFT_ACTIVE_COMPILATION_CONDITIONS = "DEBUG $(inherited)";
				SWIFT_OPTIMIZATION_LEVEL = "-Onone";
			};
			name = Debug;
		};
		3EB3816D2F161AE10093F349 /* Release */ = {
			isa = XCBuildConfiguration;
			buildSettings = {
				ALWAYS_SEARCH_USER_PATHS = NO;
				ASSETCATALOG_COMPILER_GENERATE_SWIFT_ASSET_SYMBOL_EXTENSIONS = YES;
				CLANG_ANALYZER_NONNULL = YES;
				CLANG_ANALYZER_NUMBER_OBJECT_CONVERSION = YES_AGGRESSIVE;
				CLANG_CXX_LANGUAGE_STANDARD = "gnu++20";
				CLANG_ENABLE_MODULES = YES;
				CLANG_ENABLE_OBJC_ARC = YES;
				CLANG_ENABLE_OBJC_WEAK = YES;
				CLANG_WARN_BLOCK_CAPTURE_AUTORELEASING = YES;
				CLANG_WARN_BOOL_CONVERSION = YES;
				CLANG_WARN_COMMA = YES;
				CLANG_WARN_CONSTANT_CONVERSION = YES;
				CLANG_WARN_DEPRECATED_OBJC_IMPLEMENTATIONS = YES;
				CLANG_WARN_DIRECT_OBJC_ISA_USAGE = YES_ERROR;
				CLANG_WARN_DOCUMENTATION_COMMENTS = YES;
				CLANG_WARN_EMPTY_BODY = YES;
				CLANG_WARN_ENUM_CONVERSION = YES;
				CLANG_WARN_INFINITE_RECURSION = YES;
				CLANG_WARN_INT_CONVERSION = YES;
				CLANG_WARN_NON_LITERAL_NULL_CONVERSION = YES;
				CLANG_WARN_OBJC_IMPLICIT_RETAIN_SELF = YES;
				CLANG_WARN_OBJC_LITERAL_CONVERSION = YES;
				CLANG_WARN_OBJC_ROOT_CLASS = YES_ERROR;
				CLANG_WARN_QUOTED_INCLUDE_IN_FRAMEWORK_HEADER = YES;
				CLANG_WARN_RANGE_LOOP_ANALYSIS = YES;
				CLANG_WARN_STRICT_PROTOTYPES = YES;
				CLANG_WARN_SUSPICIOUS_MOVE = YES;
				CLANG_WARN_UNGUARDED_AVAILABILITY = YES_AGGRESSIVE;
				CLANG_WARN_UNREACHABLE_CODE = YES;
				CLANG_WARN__DUPLICATE_METHOD_MATCH = YES;
				COPY_PHASE_STRIP = NO;
				DEBUG_INFORMATION_FORMAT = "dwarf-with-dsym";
				ENABLE_NS_ASSERTIONS = NO;
				ENABLE_STRICT_OBJC_MSGSEND = YES;
				ENABLE_USER_SCRIPT_SANDBOXING = YES;
				GCC_C_LANGUAGE_STANDARD = gnu17;
				GCC_NO_COMMON_BLOCKS = YES;
				GCC_WARN_64_TO_32_BIT_CONVERSION = YES;
				GCC_WARN_ABOUT_RETURN_TYPE = YES_ERROR;
				GCC_WARN_UNDECLARED_SELECTOR = YES;
				GCC_WARN_UNINITIALIZED_AUTOS = YES_AGGRESSIVE;
				GCC_WARN_UNUSED_FUNCTION = YES;
				GCC_WARN_UNUSED_VARIABLE = YES;
				IPHONEOS_DEPLOYMENT_TARGET = 18.4;
				LOCALIZATION_PREFERS_STRING_CATALOGS = YES;
				MTL_ENABLE_DEBUG_INFO = NO;
				MTL_FAST_MATH = YES;
				SDKROOT = iphoneos;
				SWIFT_COMPILATION_MODE = wholemodule;
				VALIDATE_PRODUCT = YES;
			};
			name = Release;
		};
		3EB3816F2F161AE10093F349 /* Debug */ = {
			isa = XCBuildConfiguration;
			buildSettings = {
				ASSETCATALOG_COMPILER_APPICON_NAME = AppIcon;
				ASSETCATALOG_COMPILER_GLOBAL_ACCENT_COLOR_NAME = AccentColor;
				CODE_SIGN_STYLE = Automatic;
				CURRENT_PROJECT_VERSION = 1;
				ENABLE_PREVIEWS = YES;
				GENERATE_INFOPLIST_FILE = YES;
				INFOPLIST_KEY_UIApplicationSceneManifest_Generation = YES;
				INFOPLIST_KEY_UIApplicationSupportsIndirectInputEvents = YES;
				INFOPLIST_KEY_UILaunchScreen_Generation = YES;
				INFOPLIST_KEY_UISupportedInterfaceOrientations_iPad = "UIInterfaceOrientationPortrait UIInterfaceOrientationPortraitUpsideDown UIInterfaceOrientationLandscapeLeft UIInterfaceOrientationLandscapeRight";
				INFOPLIST_KEY_UISupportedInterfaceOrientations_iPhone = "UIInterfaceOrientationPortrait UIInterfaceOrientationLandscapeLeft UIInterfaceOrientationLandscapeRight";
				LD_RUNPATH_SEARCH_PATHS = (
					"$(inherited)",
					"@executable_path/Frameworks",
				);
				MARKETING_VERSION = 1.0;
				PRODUCT_BUNDLE_IDENTIFIER = "co.nicktran.spendwise-nick";
				PRODUCT_NAME = "$(TARGET_NAME)";
				SWIFT_EMIT_LOC_STRINGS = YES;
				SWIFT_VERSION = 5.0;
				TARGETED_DEVICE_FAMILY = "1,2";
			};
			name = Debug;
		};
		3EB381702F161AE10093F349 /* Release */ = {
			isa = XCBuildConfiguration;
			buildSettings = {
				ASSETCATALOG_COMPILER_APPICON_NAME = AppIcon;
				ASSETCATALOG_COMPILER_GLOBAL_ACCENT_COLOR_NAME = AccentColor;
				CODE_SIGN_STYLE = Automatic;
				CURRENT_PROJECT_VERSION = 1;
				ENABLE_PREVIEWS = YES;
				GENERATE_INFOPLIST_FILE = YES;
				INFOPLIST_KEY_UIApplicationSceneManifest_Generation = YES;
				INFOPLIST_KEY_UIApplicationSupportsIndirectInputEvents = YES;
				INFOPLIST_KEY_UILaunchScreen_Generation = YES;
				INFOPLIST_KEY_UISupportedInterfaceOrientations_iPad = "UIInterfaceOrientationPortrait UIInterfaceOrientationPortraitUpsideDown UIInterfaceOrientationLandscapeLeft UIInterfaceOrientationLandscapeRight";
				INFOPLIST_KEY_UISupportedInterfaceOrientations_iPhone = "UIInterfaceOrientationPortrait UIInterfaceOrientationLandscapeLeft UIInterfaceOrientationLandscapeRight";
				LD_RUNPATH_SEARCH_PATHS = (
					"$(inherited)",
					"@executable_path/Frameworks",
				);
				MARKETING_VERSION = 1.0;
				PRODUCT_BUNDLE_IDENTIFIER = "co.nicktran.spendwise-nick";
				PRODUCT_NAME = "$(TARGET_NAME)";
				SWIFT_EMIT_LOC_STRINGS = YES;
				SWIFT_VERSION = 5.0;
				TARGETED_DEVICE_FAMILY = "1,2";
			};
			name = Release;
		};
		3EB381722F161AE10093F349 /* Debug */ = {
			isa = XCBuildConfiguration;
			buildSettings = {
				BUNDLE_LOADER = "$(TEST_HOST)";
				CODE_SIGN_STYLE = Automatic;
				CURRENT_PROJECT_VERSION = 1;
				GENERATE_INFOPLIST_FILE = YES;
				IPHONEOS_DEPLOYMENT_TARGET = 18.4;
				MARKETING_VERSION = 1.0;
				PRODUCT_BUNDLE_IDENTIFIER = "co.nicktran.spendwise-nickTests";
				PRODUCT_NAME = "$(TARGET_NAME)";
				SWIFT_EMIT_LOC_STRINGS = NO;
				SWIFT_VERSION = 5.0;
				TARGETED_DEVICE_FAMILY = "1,2";
				TEST_HOST = "$(BUILT_PRODUCTS_DIR)/spendwise_nick.app/$(BUNDLE_EXECUTABLE_FOLDER_PATH)/spendwise_nick";
			};
			name = Debug;
		};
		3EB381732F161AE10093F349 /* Release */ = {
			isa = XCBuildConfiguration;
			buildSettings = {
				BUNDLE_LOADER = "$(TEST_HOST)";
				CODE_SIGN_STYLE = Automatic;
				CURRENT_PROJECT_VERSION = 1;
				GENERATE_INFOPLIST_FILE = YES;
				IPHONEOS_DEPLOYMENT_TARGET = 18.4;
				MARKETING_VERSION = 1.0;
				PRODUCT_BUNDLE_IDENTIFIER = "co.nicktran.spendwise-nickTests";
				PRODUCT_NAME = "$(TARGET_NAME)";
				SWIFT_EMIT_LOC_STRINGS = NO;
				SWIFT_VERSION = 5.0;
				TARGETED_DEVICE_FAMILY = "1,2";
				TEST_HOST = "$(BUILT_PRODUCTS_DIR)/spendwise_nick.app/$(BUNDLE_EXECUTABLE_FOLDER_PATH)/spendwise_nick";
			};
			name = Release;
		};
		3EB381752F161AE10093F349 /* Debug */ = {
			isa = XCBuildConfiguration;
			buildSettings = {
				CODE_SIGN_STYLE = Automatic;
				CURRENT_PROJECT_VERSION = 1;
				GENERATE_INFOPLIST_FILE = YES;
				MARKETING_VERSION = 1.0;
				PRODUCT_BUNDLE_IDENTIFIER = "co.nicktran.spendwise-nickUITests";
				PRODUCT_NAME = "$(TARGET_NAME)";
				SWIFT_EMIT_LOC_STRINGS = NO;
				SWIFT_VERSION = 5.0;
				TARGETED_DEVICE_FAMILY = "1,2";
				TEST_TARGET_NAME = spendwise_nick;
			};
			name = Debug;
		};
		3EB381762F161AE10093F349 /* Release */ = {
			isa = XCBuildConfiguration;
			buildSettings = {
				CODE_SIGN_STYLE = Automatic;
				CURRENT_PROJECT_VERSION = 1;
				GENERATE_INFOPLIST_FILE = YES;
				MARKETING_VERSION = 1.0;
				PRODUCT_BUNDLE_IDENTIFIER = "co.nicktran.spendwise-nickUITests";
				PRODUCT_NAME = "$(TARGET_NAME)";
				SWIFT_EMIT_LOC_STRINGS = NO;
				SWIFT_VERSION = 5.0;
				TARGETED_DEVICE_FAMILY = "1,2";
				TEST_TARGET_NAME = spendwise_nick;
			};
			name = Release;
		};
/* End XCBuildConfiguration section */

/* Begin XCConfigurationList section */
		3EB381462F161ADF0093F349 /* Build configuration list for PBXProject "spendwise_nick" */ = {
			isa = XCConfigurationList;
			buildConfigurations = (
				3EB3816C2F161AE10093F349 /* Debug */,
				3EB3816D2F161AE10093F349 /* Release */,
			);
			defaultConfigurationIsVisible = 0;
			defaultConfigurationName = Release;
		};
		3EB3816E2F161AE10093F349 /* Build configuration list for PBXNativeTarget "spendwise_nick" */ = {
			isa = XCConfigurationList;
			buildConfigurations = (
				3EB3816F2F161AE10093F349 /* Debug */,
				3EB381702F161AE10093F349 /* Release */,
			);
			defaultConfigurationIsVisible = 0;
			defaultConfigurationName = Release;
		};
		3EB381712F161AE10093F349 /* Build configuration list for PBXNativeTarget "spendwise_nickTests" */ = {
			isa = XCConfigurationList;
			buildConfigurations = (
				3EB381722F161AE10093F349 /* Debug */,
				3EB381732F161AE10093F349 /* Release */,
			);
			defaultConfigurationIsVisible = 0;
			defaultConfigurationName = Release;
		};
		3EB381742F161AE10093F349 /* Build configuration list for PBXNativeTarget "spendwise_nickUITests" */ = {
			isa = XCConfigurationList;
			buildConfigurations = (
				3EB381752F161AE10093F349 /* Debug */,
				3EB381762F161AE10093F349 /* Release */,
			);
			defaultConfigurationIsVisible = 0;
			defaultConfigurationName = Release;
		};
/* End XCConfigurationList section */
	};
	rootObject = 3EB381432F161ADF0093F349 /* Project object */;
}
