// !$*UTF8*$!
{
	archiveVersion = 1;
	classes = {
	};
	objectVersion = 77;
	objects = {

/* Begin PBXBuildFile section */
		3E0F291D2F17069E00FD4AEC /* README_personal_nick.md in Resources */ = {isa = PBXBuildFile; fileRef = 3E0F291C2F17069E00FD4AEC /* README_personal_nick.md */; };
		3E6B8DFE2F2059AB008FB172 /* README.md in Resources */ = {isa = PBXBuildFile; fileRef = 3E6B8DFD2F2059AB008FB172 /* README.md */; };
		3E7E83C52F17362D00E7FCDB /* WidgetKit.framework in Frameworks */ = {isa = PBXBuildFile; fileRef = 3E7E83C42F17362D00E7FCDB /* WidgetKit.framework */; };
		3E7E83C72F17362D00E7FCDB /* SwiftUI.framework in Frameworks */ = {isa = PBXBuildFile; fileRef = 3E7E83C62F17362D00E7FCDB /* SwiftUI.framework */; };
		3E7E83D62F17363000E7FCDB /* SpendWiseWidgetExtension.appex in Embed Foundation Extensions */ = {isa = PBXBuildFile; fileRef = 3E7E83C22F17362D00E7FCDB /* SpendWiseWidgetExtension.appex */; settings = {ATTRIBUTES = (RemoveHeadersOnCopy, ); }; };
		3EB430C42F205C900089DD8A /* .gitignore in Resources */ = {isa = PBXBuildFile; fileRef = 3EB430B92F205C900089DD8A /* .gitignore */; };
		3EB430C52F205C900089DD8A /* .gitignore in Resources */ = {isa = PBXBuildFile; fileRef = 3EB430B92F205C900089DD8A /* .gitignore */; };
/* End PBXBuildFile section */

/* Begin PBXContainerItemProxy section */
		3E7E83D42F17363000E7FCDB /* PBXContainerItemProxy */ = {
			isa = PBXContainerItemProxy;
			containerPortal = 3EB381432F161ADF0093F349 /* Project object */;
			proxyType = 1;
			remoteGlobalIDString = 3E7E83C12F17362D00E7FCDB;
			remoteInfo = SpendWiseWidgetExtension;
		};
		3EB3815B2F161AE10093F349 /* PBXContainerItemProxy */ = {
			isa = PBXContainerItemProxy;
			containerPortal = 3EB381432F161ADF0093F349 /* Project object */;
			proxyType = 1;
			remoteGlobalIDString = 3EB3814A2F161ADF0093F349;
			remoteInfo = spendwise_nick;
		};
		3EB381652F161AE10093F349 /* PBXContainerItemProxy */ = {
			isa = PBXContainerItemProxy;
			containerPortal = 3EB381432F161ADF0093F349 /* Project object */;
			proxyType = 1;
			remoteGlobalIDString = 3EB3814A2F161ADF0093F349;
			remoteInfo = spendwise_nick;
		};
/* End PBXContainerItemProxy section */

/* Begin PBXCopyFilesBuildPhase section */
		3E7E83DB2F17363000E7FCDB /* Embed Foundation Extensions */ = {
			isa = PBXCopyFilesBuildPhase;
			buildActionMask = 2147483647;
			dstPath = "";
			dstSubfolderSpec = 13;
			files = (
				3E7E83D62F17363000E7FCDB /* SpendWiseWidgetExtension.appex in Embed Foundation Extensions */,
			);
			name = "Embed Foundation Extensions";
			runOnlyForDeploymentPostprocessing = 0;
		};
/* End PBXCopyFilesBuildPhase section */

/* Begin PBXFileReference section */
		3E0F291C2F17069E00FD4AEC /* README_personal_nick.md */ = {isa = PBXFileReference; lastKnownFileType = net.daringfireball.markdown; path = README_personal_nick.md; sourceTree = "<group>"; };
		3E6B8DFD2F2059AB008FB172 /* README.md */ = {isa = PBXFileReference; lastKnownFileType = net.daringfireball.markdown; path = README.md; sourceTree = "<group>"; };
		3E7E83C22F17362D00E7FCDB /* SpendWiseWidgetExtension.appex */ = {isa = PBXFileReference; explicitFileType = "wrapper.app-extension"; includeInIndex = 0; path = SpendWiseWidgetExtension.appex; sourceTree = BUILT_PRODUCTS_DIR; };
		3E7E83C42F17362D00E7FCDB /* WidgetKit.framework */ = {isa = PBXFileReference; lastKnownFileType = wrapper.framework; name = WidgetKit.framework; path = System/Library/Frameworks/WidgetKit.framework; sourceTree = SDKROOT; };
		3E7E83C62F17362D00E7FCDB /* SwiftUI.framework */ = {isa = PBXFileReference; lastKnownFileType = wrapper.framework; name = SwiftUI.framework; path = System/Library/Frameworks/SwiftUI.framework; sourceTree = SDKROOT; };
		3E7E83E42F17366900E7FCDB /* spendwise_nick.entitlements */ = {isa = PBXFileReference; lastKnownFileType = text.plist.entitlements; path = spendwise_nick.entitlements; sourceTree = "<group>"; };
		3E7E83E52F17373C00E7FCDB /* SpendWiseWidgetExtension.entitlements */ = {isa = PBXFileReference; lastKnownFileType = text.plist.entitlements; path = SpendWiseWidgetExtension.entitlements; sourceTree = "<group>"; };
		3EB3814B2F161ADF0093F349 /* spendwise_nick.app */ = {isa = PBXFileReference; explicitFileType = wrapper.application; includeInIndex = 0; path = spendwise_nick.app; sourceTree = BUILT_PRODUCTS_DIR; };
		3EB3815A2F161AE10093F349 /* spendwise_nickTests.xctest */ = {isa = PBXFileReference; explicitFileType = wrapper.cfbundle; includeInIndex = 0; path = spendwise_nickTests.xctest; sourceTree = BUILT_PRODUCTS_DIR; };
		3EB381642F161AE10093F349 /* spendwise_nickUITests.xctest */ = {isa = PBXFileReference; explicitFileType = wrapper.cfbundle; includeInIndex = 0; path = spendwise_nickUITests.xctest; sourceTree = BUILT_PRODUCTS_DIR; };
		3EB430B92F205C900089DD8A /* .gitignore */ = {isa = PBXFileReference; lastKnownFileType = text; path = .gitignore; sourceTree = "<group>"; };
/* End PBXFileReference section */

/* Begin PBXFileSystemSynchronizedBuildFileExceptionSet section */
		3E7E83D72F17363000E7FCDB /* Exceptions for "SpendWiseWidget" folder in "SpendWiseWidgetExtension" target */ = {
			isa = PBXFileSystemSynchronizedBuildFileExceptionSet;
			membershipExceptions = (
				Info.plist,
			);
			target = 3E7E83C12F17362D00E7FCDB /* SpendWiseWidgetExtension */;
		};
		3E7E83E72F17375500E7FCDB /* Exceptions for "Models" folder in "SpendWiseWidgetExtension" target */ = {
			isa = PBXFileSystemSynchronizedBuildFileExceptionSet;
			membershipExceptions = (
				Category.swift,
				SharedModelContainer.swift,
				Transaction.swift,
			);
			target = 3E7E83C12F17362D00E7FCDB /* SpendWiseWidgetExtension */;
		};
		3E7E83EB2F17377900E7FCDB /* Exceptions for "Utilities" folder in "SpendWiseWidgetExtension" target */ = {
			isa = PBXFileSystemSynchronizedBuildFileExceptionSet;
			membershipExceptions = (
				"Color+Extensions.swift",
				"Date+Extensions.swift",
				"Double+Extensions.swift",
				HapticManager.swift,
			);
			target = 3E7E83C12F17362D00E7FCDB /* SpendWiseWidgetExtension */;
		};
		3EC1A66F2F204A6300403694 /* Exceptions for "SpendWiseWidget" folder in "spendwise_nick" target */ = {
			isa = PBXFileSystemSynchronizedBuildFileExceptionSet;
			membershipExceptions = (
				Info.plist,
				SpendWiseWidget.swift,
				SpendWiseWidgetBundle.swift,
				SpendWiseWidgetControl.swift,
			);
			target = 3EB3814A2F161ADF0093F349 /* spendwise_nick */;
		};
		3EC1A6712F20503E00403694 /* Exceptions for "SpendWiseWidget" folder in "SpendWiseWidgetExtension" target */ = {
			isa = PBXFileSystemSynchronizedBuildFileExceptionSet;
			membershipExceptions = (
				SpendWiseWidget.swift,
				SpendWiseWidgetBundle.swift,
				SpendWiseWidgetControl.swift,
			);
			target = 3E7E83C12F17362D00E7FCDB /* SpendWiseWidgetExtension */;
		};
/* End PBXFileSystemSynchronizedBuildFileExceptionSet section */

/* Begin PBXFileSystemSynchronizedRootGroup section */
		3E7E83AC2F17263800E7FCDB /* Service */ = {
			isa = PBXFileSystemSynchronizedRootGroup;
			path = Service;
			sourceTree = "<group>";
		};
		3E7E83B72F172B7500E7FCDB /* SpendWiseWidget */ = {
			isa = PBXFileSystemSynchronizedRootGroup;
			exceptions = (
				3EC1A66F2F204A6300403694 /* Exceptions for "SpendWiseWidget" folder in "spendwise_nick" target */,
				3EC1A6712F20503E00403694 /* Exceptions for "SpendWiseWidget" folder in "SpendWiseWidgetExtension" target */,
			);
			path = SpendWiseWidget;
			sourceTree = "<group>";
		};
		3E7E83C82F17362D00E7FCDB /* SpendWiseWidget */ = {
			isa = PBXFileSystemSynchronizedRootGroup;
			exceptions = (
				3E7E83D72F17363000E7FCDB /* Exceptions for "SpendWiseWidget" folder in "SpendWiseWidgetExtension" target */,
			);
			path = SpendWiseWidget;
			sourceTree = "<group>";
		};
		3EB381772F161B430093F349 /* App */ = {
			isa = PBXFileSystemSynchronizedRootGroup;
			path = App;
			sourceTree = "<group>";
		};
		3EB381802F161BDD0093F349 /* Models */ = {
			isa = PBXFileSystemSynchronizedRootGroup;
			exceptions = (
				3E7E83E72F17375500E7FCDB /* Exceptions for "Models" folder in "SpendWiseWidgetExtension" target */,
			);
			path = Models;
			sourceTree = "<group>";
		};
		3EB381862F161C110093F349 /* Views */ = {
			isa = PBXFileSystemSynchronizedRootGroup;
			path = Views;
			sourceTree = "<group>";
		};
		3EB3818B2F161C180093F349 /* Utilities */ = {
			isa = PBXFileSystemSynchronizedRootGroup;
			exceptions = (
				3E7E83EB2F17377900E7FCDB /* Exceptions for "Utilities" folder in "SpendWiseWidgetExtension" target */,
			);
			path = Utilities;
			sourceTree = "<group>";
		};
		3EB381902F1631340093F349 /* Components */ = {
			isa = PBXFileSystemSynchronizedRootGroup;
			path = Components;
			sourceTree = "<group>";
		};
/* End PBXFileSystemSynchronizedRootGroup section */

/* Begin PBXFrameworksBuildPhase section */
		3E7E83BF2F17362D00E7FCDB /* Frameworks */ = {
			isa = PBXFrameworksBuildPhase;
			buildActionMask = 2147483647;
			files = (
				3E7E83C72F17362D00E7FCDB /* SwiftUI.framework in Frameworks */,
				3E7E83C52F17362D00E7FCDB /* WidgetKit.framework in Frameworks */,
			);
			runOnlyForDeploymentPostprocessing = 0;
		};
		3EB381482F161ADF0093F349 /* Frameworks */ = {
			isa = PBXFrameworksBuildPhase;
			buildActionMask = 2147483647;
			files = (
			);
			runOnlyForDeploymentPostprocessing = 0;
		};
		3EB381572F161AE10093F349 /* Frameworks */ = {
			isa = PBXFrameworksBuildPhase;
			buildActionMask = 2147483647;
			files = (
			);
			runOnlyForDeploymentPostprocessing = 0;
		};
		3EB381612F161AE10093F349 /* Frameworks */ = {
			isa = PBXFrameworksBuildPhase;
			buildActionMask = 2147483647;
			files = (
			);
			runOnlyForDeploymentPostprocessing = 0;
		};
/* End PBXFrameworksBuildPhase section */

/* Begin PBXGroup section */
		3E7E83C32F17362D00E7FCDB /* Frameworks */ = {
			isa = PBXGroup;
			children = (
				3E7E83C42F17362D00E7FCDB /* WidgetKit.framework */,
				3E7E83C62F17362D00E7FCDB /* SwiftUI.framework */,
			);
			name = Frameworks;
			sourceTree = "<group>";
		};
		3EB381422F161ADF0093F349 = {
			isa = PBXGroup;
			children = (
				3E7E83E52F17373C00E7FCDB /* SpendWiseWidgetExtension.entitlements */,
				3E7E83E42F17366900E7FCDB /* spendwise_nick.entitlements */,
				3E7E83C82F17362D00E7FCDB /* SpendWiseWidget */,
				3E7E83C32F17362D00E7FCDB /* Frameworks */,
				3EB3814C2F161ADF0093F349 /* Products */,
				3EB381772F161B430093F349 /* App */,
				3EB381802F161BDD0093F349 /* Models */,
				3EB381862F161C110093F349 /* Views */,
				3EB381902F1631340093F349 /* Components */,
				3EB3818B2F161C180093F349 /* Utilities */,
				3E0F291C2F17069E00FD4AEC /* README_personal_nick.md */,
				3E7E83AC2F17263800E7FCDB /* Service */,
				3E7E83B72F172B7500E7FCDB /* SpendWiseWidget */,
				3E6B8DFD2F2059AB008FB172 /* README.md */,
				3EB430B92F205C900089DD8A /* .gitignore */,
			);
			sourceTree = "<group>";
		};
		3EB3814C2F161ADF0093F349 /* Products */ = {
			isa = PBXGroup;
			children = (
				3EB3814B2F161ADF0093F349 /* spendwise_nick.app */,
				3EB3815A2F161AE10093F349 /* spendwise_nickTests.xctest */,
				3EB381642F161AE10093F349 /* spendwise_nickUITests.xctest */,
				3E7E83C22F17362D00E7FCDB /* SpendWiseWidgetExtension.appex */,
			);
			name = Products;
			sourceTree = "<group>";
		};
/* End PBXGroup section */

/* Begin PBXNativeTarget section */
		3E7E83C12F17362D00E7FCDB /* SpendWiseWidgetExtension */ = {
			isa = PBXNativeTarget;
			buildConfigurationList = 3E7E83D82F17363000E7FCDB /* Build configuration list for PBXNativeTarget "SpendWiseWidgetExtension" */;
			buildPhases = (
				3E7E83BE2F17362D00E7FCDB /* Sources */,
				3E7E83BF2F17362D00E7FCDB /* Frameworks */,
				3E7E83C02F17362D00E7FCDB /* Resources */,
			);
			buildRules = (
			);
			dependencies = (
			);
			fileSystemSynchronizedGroups = (
				3E7E83C82F17362D00E7FCDB /* SpendWiseWidget */,
			);
			name = SpendWiseWidgetExtension;
			packageProductDependencies = (
			);
			productName = SpendWiseWidgetExtension;
			productReference = 3E7E83C22F17362D00E7FCDB /* SpendWiseWidgetExtension.appex */;
			productType = "com.apple.product-type.app-extension";
		};
		3EB3814A2F161ADF0093F349 /* spendwise_nick */ = {
			isa = PBXNativeTarget;
			buildConfigurationList = 3EB3816E2F161AE10093F349 /* Build configuration list for PBXNativeTarget "spendwise_nick" */;
			buildPhases = (
				3EB381472F161ADF0093F349 /* Sources */,
				3EB381482F161ADF0093F349 /* Frameworks */,
				3EB381492F161ADF0093F349 /* Resources */,
				3E7E83DB2F17363000E7FCDB /* Embed Foundation Extensions */,
			);
			buildRules = (
			);
			dependencies = (
				3E7E83D52F17363000E7FCDB /* PBXTargetDependency */,
			);
			fileSystemSynchronizedGroups = (
				3E7E83AC2F17263800E7FCDB /* Service */,
				3E7E83B72F172B7500E7FCDB /* SpendWiseWidget */,
				3EB381772F161B430093F349 /* App */,
				3EB381802F161BDD0093F349 /* Models */,
				3EB381862F161C110093F349 /* Views */,
				3EB3818B2F161C180093F349 /* Utilities */,
				3EB381902F1631340093F349 /* Components */,
			);
			name = spendwise_nick;
			packageProductDependencies = (
			);
			productName = spendwise_nick;
			productReference = 3EB3814B2F161ADF0093F349 /* spendwise_nick.app */;
			productType = "com.apple.product-type.application";
		};
		3EB381592F161AE10093F349 /* spendwise_nickTests */ = {
			isa = PBXNativeTarget;
			buildConfigurationList = 3EB381712F161AE10093F349 /* Build configuration list for PBXNativeTarget "spendwise_nickTests" */;
			buildPhases = (
				3EB381562F161AE10093F349 /* Sources */,
				3EB381572F161AE10093F349 /* Frameworks */,
				3EB381582F161AE10093F349 /* Resources */,
			);
			buildRules = (
			);
			dependencies = (
				3EB3815C2F161AE10093F349 /* PBXTargetDependency */,
			);
			name = spendwise_nickTests;
			packageProductDependencies = (
			);
			productName = spendwise_nickTests;
			productReference = 3EB3815A2F161AE10093F349 /* spendwise_nickTests.xctest */;
			productType = "com.apple.product-type.bundle.unit-test";
		};
		3EB381632F161AE10093F349 /* spendwise_nickUITests */ = {
			isa = PBXNativeTarget;
			buildConfigurationList = 3EB381742F161AE10093F349 /* Build configuration list for PBXNativeTarget "spendwise_nickUITests" */;
			buildPhases = (
				3EB381602F161AE10093F349 /* Sources */,
				3EB381612F161AE10093F349 /* Frameworks */,
				3EB381622F161AE10093F349 /* Resources */,
			);
			buildRules = (
			);
			dependencies = (
				3EB381662F161AE10093F349 /* PBXTargetDependency */,
			);
			name = spendwise_nickUITests;
			packageProductDependencies = (
			);
			productName = spendwise_nickUITests;
			productReference = 3EB381642F161AE10093F349 /* spendwise_nickUITests.xctest */;
			productType = "com.apple.product-type.bundle.ui-testing";
		};
/* End PBXNativeTarget section */

/* Begin PBXProject section */
		3EB381432F161ADF0093F349 /* Project object */ = {
			isa = PBXProject;
			attributes = {
				BuildIndependentTargetsInParallel = 1;
				LastSwiftUpdateCheck = 1640;
				LastUpgradeCheck = 1630;
				TargetAttributes = {
					3E7E83C12F17362D00E7FCDB = {
						CreatedOnToolsVersion = 16.4;
					};
					3EB3814A2F161ADF0093F349 = {
						CreatedOnToolsVersion = 16.3;
					};
					3EB381592F161AE10093F349 = {
						CreatedOnToolsVersion = 16.3;
						TestTargetID = 3EB3814A2F161ADF0093F349;
					};
					3EB381632F161AE10093F349 = {
						CreatedOnToolsVersion = 16.3;
						TestTargetID = 3EB3814A2F161ADF0093F349;
					};
				};
			};
			buildConfigurationList = 3EB381462F161ADF0093F349 /* Build configuration list for PBXProject "spendwise_nick" */;
			developmentRegion = en;
			hasScannedForEncodings = 0;
			knownRegions = (
				en,
				Base,
			);
			mainGroup = 3EB381422F161ADF0093F349;
			minimizedProjectReferenceProxies = 1;
			preferredProjectObjectVersion = 77;
			productRefGroup = 3EB3814C2F161ADF0093F349 /* Products */;
			projectDirPath = "";
			projectRoot = "";
			targets = (
				3EB3814A2F161ADF0093F349 /* spendwise_nick */,
				3EB381592F161AE10093F349 /* spendwise_nickTests */,
				3EB381632F161AE10093F349 /* spendwise_nickUITests */,
				3E7E83C12F17362D00E7FCDB /* SpendWiseWidgetExtension */,
			);
		};
/* End PBXProject section */

/* Begin PBXResourcesBuildPhase section */
		3E7E83C02F17362D00E7FCDB /* Resources */ = {
			isa = PBXResourcesBuildPhase;
			buildActionMask = 2147483647;
			files = (
				3EB430C52F205C900089DD8A /* .gitignore in Resources */,
			);
			runOnlyForDeploymentPostprocessing = 0;
		};
		3EB381492F161ADF0093F349 /* Resources */ = {
			isa = PBXResourcesBuildPhase;
			buildActionMask = 2147483647;
			files = (
				3E6B8DFE2F2059AB008FB172 /* README.md in Resources */,
				3EB430C42F205C900089DD8A /* .gitignore in Resources */,
				3E0F291D2F17069E00FD4AEC /* README_personal_nick.md in Resources */,
			);
			runOnlyForDeploymentPostprocessing = 0;
		};
		3EB381582F161AE10093F349 /* Resources */ = {
			isa = PBXResourcesBuildPhase;
			buildActionMask = 2147483647;
			files = (
			);
			runOnlyForDeploymentPostprocessing = 0;
		};
		3EB381622F161AE10093F349 /* Resources */ = {
			isa = PBXResourcesBuildPhase;
			buildActionMask = 2147483647;
			files = (
			);
			runOnlyForDeploymentPostprocessing = 0;
		};
/* End PBXResourcesBuildPhase section */

/* Begin PBXSourcesBuildPhase section */
		3E7E83BE2F17362D00E7FCDB /* Sources */ = {
			isa = PBXSourcesBuildPhase;
			buildActionMask = 2147483647;
			files = (
			);
			runOnlyForDeploymentPostprocessing = 0;
		};
		3EB381472F161ADF0093F349 /* Sources */ = {
			isa = PBXSourcesBuildPhase;
			buildActionMask = 2147483647;
			files = (
			);
			runOnlyForDeploymentPostprocessing = 0;
		};
		3EB381562F161AE10093F349 /* Sources */ = {
			isa = PBXSourcesBuildPhase;
			buildActionMask = 2147483647;
			files = (
			);
			runOnlyForDeploymentPostprocessing = 0;
		};
		3EB381602F161AE10093F349 /* Sources */ = {
			isa = PBXSourcesBuildPhase;
			buildActionMask = 2147483647;
			files = (
			);
			runOnlyForDeploymentPostprocessing = 0;
		};
/* End PBXSourcesBuildPhase section */

/* Begin PBXTargetDependency section */
		3E7E83D52F17363000E7FCDB /* PBXTargetDependency */ = {
			isa = PBXTargetDependency;
			target = 3E7E83C12F17362D00E7FCDB /* SpendWiseWidgetExtension */;
			targetProxy = 3E7E83D42F17363000E7FCDB /* PBXContainerItemProxy */;
		};
		3EB3815C2F161AE10093F349 /* PBXTargetDependency */ = {
			isa = PBXTargetDependency;
			target = 3EB3814A2F161ADF0093F349 /* spendwise_nick */;
			targetProxy = 3EB3815B2F161AE10093F349 /* PBXContainerItemProxy */;
		};
		3EB381662F161AE10093F349 /* PBXTargetDependency */ = {
			isa = PBXTargetDependency;
			target = 3EB3814A2F161ADF0093F349 /* spendwise_nick */;
			targetProxy = 3EB381652F161AE10093F349 /* PBXContainerItemProxy */;
		};
/* End PBXTargetDependency section */

/* Begin XCBuildConfiguration section */
		3E7E83D92F17363000E7FCDB /* Debug */ = {
			isa = XCBuildConfiguration;
			buildSettings = {
				ASSETCATALOG_COMPILER_GLOBAL_ACCENT_COLOR_NAME = AccentColor;
				ASSETCATALOG_COMPILER_WIDGET_BACKGROUND_COLOR_NAME = WidgetBackground;
				CODE_SIGN_ENTITLEMENTS = SpendWiseWidgetExtension.entitlements;
				CODE_SIGN_STYLE = Automatic;
				CURRENT_PROJECT_VERSION = 1;
				DEVELOPMENT_TEAM = 633SALW5V6;
				GENERATE_INFOPLIST_FILE = YES;
				INFOPLIST_FILE = SpendWiseWidget/Info.plist;
				INFOPLIST_KEY_CFBundleDisplayName = SpendWiseWidget;
				INFOPLIST_KEY_NSHumanReadableCopyright = "";
				IPHONEOS_DEPLOYMENT_TARGET = 18.5;
				LD_RUNPATH_SEARCH_PATHS = (
					"$(inherited)",
					"@executable_path/Frameworks",
					"@executable_path/../../Frameworks",
				);
				MARKETING_VERSION = 1.0;
				PRODUCT_BUNDLE_IDENTIFIER = "co.nicktran.spendwise-nick.SpendWiseWidget";
				PRODUCT_NAME = "$(TARGET_NAME)";
				SKIP_INSTALL = YES;
				SWIFT_EMIT_LOC_STRINGS = YES;
				SWIFT_VERSION = 5.0;
				TARGETED_DEVICE_FAMILY = "1,2";
			};
			name = Debug;
		};
		3E7E83DA2F17363000E7FCDB /* Release */ = {
			isa = XCBuildConfiguration;
			buildSettings = {
				ASSETCATALOG_COMPILER_GLOBAL_ACCENT_COLOR_NAME = AccentColor;
				ASSETCATALOG_COMPILER_WIDGET_BACKGROUND_COLOR_NAME = WidgetBackground;
				CODE_SIGN_ENTITLEMENTS = SpendWiseWidgetExtension.entitlements;
				CODE_SIGN_STYLE = Automatic;
				CURRENT_PROJECT_VERSION = 1;
				DEVELOPMENT_TEAM = 633SALW5V6;
				GENERATE_INFOPLIST_FILE = YES;
				INFOPLIST_FILE = SpendWiseWidget/Info.plist;
				INFOPLIST_KEY_CFBundleDisplayName = SpendWiseWidget;
				INFOPLIST_KEY_NSHumanReadableCopyright = "";
				IPHONEOS_DEPLOYMENT_TARGET = 18.5;
				LD_RUNPATH_SEARCH_PATHS = (
					"$(inherited)",
					"@executable_path/Frameworks",
					"@executable_path/../../Frameworks",
				);
				MARKETING_VERSION = 1.0;
				PRODUCT_BUNDLE_IDENTIFIER = "co.nicktran.spendwise-nick.SpendWiseWidget";
				PRODUCT_NAME = "$(TARGET_NAME)";
				SKIP_INSTALL = YES;
				SWIFT_EMIT_LOC_STRINGS = YES;
				SWIFT_VERSION = 5.0;
				TARGETED_DEVICE_FAMILY = "1,2";
			};
			name = Release;
		};
		3EB3816C2F161AE10093F349 /* Debug */ = {
			isa = XCBuildConfiguration;
			buildSettings = {
				ALWAYS_SEARCH_USER_PATHS = NO;
				ASSETCATALOG_COMPILER_GENERATE_SWIFT_ASSET_SYMBOL_EXTENSIONS = YES;
				CLANG_ANALYZER_NONNULL = YES;
				CLANG_ANALYZER_NUMBER_OBJECT_CONVERSION = YES_AGGRESSIVE;
				CLANG_CXX_LANGUAGE_STANDARD = "gnu++20";
				CLANG_ENABLE_MODULES = YES;
				CLANG_ENABLE_OBJC_ARC = YES;
				CLANG_ENABLE_OBJC_WEAK = YES;
				CLANG_WARN_BLOCK_CAPTURE_AUTORELEASING = YES;
				CLANG_WARN_BOOL_CONVERSION = YES;
				CLANG_WARN_COMMA = YES;
				CLANG_WARN_CONSTANT_CONVERSION = YES;
				CLANG_WARN_DEPRECATED_OBJC_IMPLEMENTATIONS = YES;
				CLANG_WARN_DIRECT_OBJC_ISA_USAGE = YES_ERROR;
				CLANG_WARN_DOCUMENTATION_COMMENTS = YES;
				CLANG_WARN_EMPTY_BODY = YES;
				CLANG_WARN_ENUM_CONVERSION = YES;
				CLANG_WARN_INFINITE_RECURSION = YES;
				CLANG_WARN_INT_CONVERSION = YES;
				CLANG_WARN_NON_LITERAL_NULL_CONVERSION = YES;
				CLANG_WARN_OBJC_IMPLICIT_RETAIN_SELF = YES;
				CLANG_WARN_OBJC_LITERAL_CONVERSION = YES;
				CLANG_WARN_OBJC_ROOT_CLASS = YES_ERROR;
				CLANG_WARN_QUOTED_INCLUDE_IN_FRAMEWORK_HEADER = YES;
				CLANG_WARN_RANGE_LOOP_ANALYSIS = YES;
				CLANG_WARN_STRICT_PROTOTYPES = YES;
				CLANG_WARN_SUSPICIOUS_MOVE = YES;
				CLANG_WARN_UNGUARDED_AVAILABILITY = YES_AGGRESSIVE;
				CLANG_WARN_UNREACHABLE_CODE = YES;
				CLANG_WARN__DUPLICATE_METHOD_MATCH = YES;
				COPY_PHASE_STRIP = NO;
				DEBUG_INFORMATION_FORMAT = dwarf;
				ENABLE_STRICT_OBJC_MSGSEND = YES;
				ENABLE_TESTABILITY = YES;
				ENABLE_USER_SCRIPT_SANDBOXING = YES;
				GCC_C_LANGUAGE_STANDARD = gnu17;
				GCC_DYNAMIC_NO_PIC = NO;
				GCC_NO_COMMON_BLOCKS = YES;
				GCC_OPTIMIZATION_LEVEL = 0;
				GCC_PREPROCESSOR_DEFINITIONS = (
					"DEBUG=1",
					"$(inherited)",
				);
				GCC_WARN_64_TO_32_BIT_CONVERSION = YES;
				GCC_WARN_ABOUT_RETURN_TYPE = YES_ERROR;
				GCC_WARN_UNDECLARED_SELECTOR = YES;
				GCC_WARN_UNINITIALIZED_AUTOS = YES_AGGRESSIVE;
				GCC_WARN_UNUSED_FUNCTION = YES;
				GCC_WARN_UNUSED_VARIABLE = YES;
				IPHONEOS_DEPLOYMENT_TARGET = 18.4;
				LOCALIZATION_PREFERS_STRING_CATALOGS = YES;
				MTL_ENABLE_DEBUG_INFO = INCLUDE_SOURCE;
				MTL_FAST_MATH = YES;
				ONLY_ACTIVE_ARCH = YES;
				SDKROOT = iphoneos;
				SWIFT_ACTIVE_COMPILATION_CONDITIONS = "DEBUG $(inherited)";
				SWIFT_OPTIMIZATION_LEVEL = "-Onone";
			};
			name = Debug;
		};
		3EB3816D2F161AE10093F349 /* Release */ = {
			isa = XCBuildConfiguration;
			buildSettings = {
				ALWAYS_SEARCH_USER_PATHS = NO;
				ASSETCATALOG_COMPILER_GENERATE_SWIFT_ASSET_SYMBOL_EXTENSIONS = YES;
				CLANG_ANALYZER_NONNULL = YES;
				CLANG_ANALYZER_NUMBER_OBJECT_CONVERSION = YES_AGGRESSIVE;
				CLANG_CXX_LANGUAGE_STANDARD = "gnu++20";
				CLANG_ENABLE_MODULES = YES;
				CLANG_ENABLE_OBJC_ARC = YES;
				CLANG_ENABLE_OBJC_WEAK = YES;
				CLANG_WARN_BLOCK_CAPTURE_AUTORELEASING = YES;
				CLANG_WARN_BOOL_CONVERSION = YES;
				CLANG_WARN_COMMA = YES;
				CLANG_WARN_CONSTANT_CONVERSION = YES;
				CLANG_WARN_DEPRECATED_OBJC_IMPLEMENTATIONS = YES;
				CLANG_WARN_DIRECT_OBJC_ISA_USAGE = YES_ERROR;
				CLANG_WARN_DOCUMENTATION_COMMENTS = YES;
				CLANG_WARN_EMPTY_BODY = YES;
				CLANG_WARN_ENUM_CONVERSION = YES;
				CLANG_WARN_INFINITE_RECURSION = YES;
				CLANG_WARN_INT_CONVERSION = YES;
				CLANG_WARN_NON_LITERAL_NULL_CONVERSION = YES;
				CLANG_WARN_OBJC_IMPLICIT_RETAIN_SELF = YES;
				CLANG_WARN_OBJC_LITERAL_CONVERSION = YES;
				CLANG_WARN_OBJC_ROOT_CLASS = YES_ERROR;
				CLANG_WARN_QUOTED_INCLUDE_IN_FRAMEWORK_HEADER = YES;
				CLANG_WARN_RANGE_LOOP_ANALYSIS = YES;
				CLANG_WARN_STRICT_PROTOTYPES = YES;
				CLANG_WARN_SUSPICIOUS_MOVE = YES;
				CLANG_WARN_UNGUARDED_AVAILABILITY = YES_AGGRESSIVE;
				CLANG_WARN_UNREACHABLE_CODE = YES;
				CLANG_WARN__DUPLICATE_METHOD_MATCH = YES;
				COPY_PHASE_STRIP = NO;
				DEBUG_INFORMATION_FORMAT = "dwarf-with-dsym";
				ENABLE_NS_ASSERTIONS = NO;
				ENABLE_STRICT_OBJC_MSGSEND = YES;
				ENABLE_USER_SCRIPT_SANDBOXING = YES;
				GCC_C_LANGUAGE_STANDARD = gnu17;
				GCC_NO_COMMON_BLOCKS = YES;
				GCC_WARN_64_TO_32_BIT_CONVERSION = YES;
				GCC_WARN_ABOUT_RETURN_TYPE = YES_ERROR;
				GCC_WARN_UNDECLARED_SELECTOR = YES;
				GCC_WARN_UNINITIALIZED_AUTOS = YES_AGGRESSIVE;
				GCC_WARN_UNUSED_FUNCTION = YES;
				GCC_WARN_UNUSED_VARIABLE = YES;
				IPHONEOS_DEPLOYMENT_TARGET = 18.4;
				LOCALIZATION_PREFERS_STRING_CATALOGS = YES;
				MTL_ENABLE_DEBUG_INFO = NO;
				MTL_FAST_MATH = YES;
				SDKROOT = iphoneos;
				SWIFT_COMPILATION_MODE = wholemodule;
				VALIDATE_PRODUCT = YES;
			};
			name = Release;
		};
		3EB3816F2F161AE10093F349 /* Debug */ = {
			isa = XCBuildConfiguration;
			buildSettings = {
				ASSETCATALOG_COMPILER_APPICON_NAME = AppIcon;
				ASSETCATALOG_COMPILER_GLOBAL_ACCENT_COLOR_NAME = AccentColor;
				CODE_SIGN_ENTITLEMENTS = spendwise_nick.entitlements;
				CODE_SIGN_STYLE = Automatic;
				CURRENT_PROJECT_VERSION = 1;
				DEVELOPMENT_TEAM = 633SALW5V6;
				ENABLE_PREVIEWS = YES;
				GENERATE_INFOPLIST_FILE = YES;
				INFOPLIST_KEY_UIApplicationSceneManifest_Generation = YES;
				INFOPLIST_KEY_UIApplicationSupportsIndirectInputEvents = YES;
				INFOPLIST_KEY_UILaunchScreen_Generation = YES;
				INFOPLIST_KEY_UISupportedInterfaceOrientations_iPad = "UIInterfaceOrientationPortrait UIInterfaceOrientationPortraitUpsideDown UIInterfaceOrientationLandscapeLeft UIInterfaceOrientationLandscapeRight";
				INFOPLIST_KEY_UISupportedInterfaceOrientations_iPhone = "UIInterfaceOrientationPortrait UIInterfaceOrientationLandscapeLeft UIInterfaceOrientationLandscapeRight";
				LD_RUNPATH_SEARCH_PATHS = (
					"$(inherited)",
					"@executable_path/Frameworks",
				);
				MARKETING_VERSION = 1.0;
				PRODUCT_BUNDLE_IDENTIFIER = "co.nicktran.spendwise-nick";
				PRODUCT_NAME = "$(TARGET_NAME)";
				SWIFT_EMIT_LOC_STRINGS = YES;
				SWIFT_VERSION = 5.0;
				TARGETED_DEVICE_FAMILY = "1,2";
			};
			name = Debug;
		};
		3EB381702F161AE10093F349 /* Release */ = {
			isa = XCBuildConfiguration;
			buildSettings = {
				ASSETCATALOG_COMPILER_APPICON_NAME = AppIcon;
				ASSETCATALOG_COMPILER_GLOBAL_ACCENT_COLOR_NAME = AccentColor;
				CODE_SIGN_ENTITLEMENTS = spendwise_nick.entitlements;
				CODE_SIGN_STYLE = Automatic;
				CURRENT_PROJECT_VERSION = 1;
				DEVELOPMENT_TEAM = 633SALW5V6;
				ENABLE_PREVIEWS = YES;
				GENERATE_INFOPLIST_FILE = YES;
				INFOPLIST_KEY_UIApplicationSceneManifest_Generation = YES;
				INFOPLIST_KEY_UIApplicationSupportsIndirectInputEvents = YES;
				INFOPLIST_KEY_UILaunchScreen_Generation = YES;
				INFOPLIST_KEY_UISupportedInterfaceOrientations_iPad = "UIInterfaceOrientationPortrait UIInterfaceOrientationPortraitUpsideDown UIInterfaceOrientationLandscapeLeft UIInterfaceOrientationLandscapeRight";
				INFOPLIST_KEY_UISupportedInterfaceOrientations_iPhone = "UIInterfaceOrientationPortrait UIInterfaceOrientationLandscapeLeft UIInterfaceOrientationLandscapeRight";
				LD_RUNPATH_SEARCH_PATHS = (
					"$(inherited)",
					"@executable_path/Frameworks",
				);
				MARKETING_VERSION = 1.0;
				PRODUCT_BUNDLE_IDENTIFIER = "co.nicktran.spendwise-nick";
				PRODUCT_NAME = "$(TARGET_NAME)";
				SWIFT_EMIT_LOC_STRINGS = YES;
				SWIFT_VERSION = 5.0;
				TARGETED_DEVICE_FAMILY = "1,2";
			};
			name = Release;
		};
		3EB381722F161AE10093F349 /* Debug */ = {
			isa = XCBuildConfiguration;
			buildSettings = {
				BUNDLE_LOADER = "$(TEST_HOST)";
				CODE_SIGN_STYLE = Automatic;
				CURRENT_PROJECT_VERSION = 1;
				GENERATE_INFOPLIST_FILE = YES;
				IPHONEOS_DEPLOYMENT_TARGET = 18.4;
				MARKETING_VERSION = 1.0;
				PRODUCT_BUNDLE_IDENTIFIER = "co.nicktran.spendwise-nickTests";
				PRODUCT_NAME = "$(TARGET_NAME)";
				SWIFT_EMIT_LOC_STRINGS = NO;
				SWIFT_VERSION = 5.0;
				TARGETED_DEVICE_FAMILY = "1,2";
				TEST_HOST = "$(BUILT_PRODUCTS_DIR)/spendwise_nick.app/$(BUNDLE_EXECUTABLE_FOLDER_PATH)/spendwise_nick";
			};
			name = Debug;
		};
		3EB381732F161AE10093F349 /* Release */ = {
			isa = XCBuildConfiguration;
			buildSettings = {
				BUNDLE_LOADER = "$(TEST_HOST)";
				CODE_SIGN_STYLE = Automatic;
				CURRENT_PROJECT_VERSION = 1;
				GENERATE_INFOPLIST_FILE = YES;
				IPHONEOS_DEPLOYMENT_TARGET = 18.4;
				MARKETING_VERSION = 1.0;
				PRODUCT_BUNDLE_IDENTIFIER = "co.nicktran.spendwise-nickTests";
				PRODUCT_NAME = "$(TARGET_NAME)";
				SWIFT_EMIT_LOC_STRINGS = NO;
				SWIFT_VERSION = 5.0;
				TARGETED_DEVICE_FAMILY = "1,2";
				TEST_HOST = "$(BUILT_PRODUCTS_DIR)/spendwise_nick.app/$(BUNDLE_EXECUTABLE_FOLDER_PATH)/spendwise_nick";
			};
			name = Release;
		};
		3EB381752F161AE10093F349 /* Debug */ = {
			isa = XCBuildConfiguration;
			buildSettings = {
				CODE_SIGN_STYLE = Automatic;
				CURRENT_PROJECT_VERSION = 1;
				GENERATE_INFOPLIST_FILE = YES;
				MARKETING_VERSION = 1.0;
				PRODUCT_BUNDLE_IDENTIFIER = "co.nicktran.spendwise-nickUITests";
				PRODUCT_NAME = "$(TARGET_NAME)";
				SWIFT_EMIT_LOC_STRINGS = NO;
				SWIFT_VERSION = 5.0;
				TARGETED_DEVICE_FAMILY = "1,2";
				TEST_TARGET_NAME = spendwise_nick;
			};
			name = Debug;
		};
		3EB381762F161AE10093F349 /* Release */ = {
			isa = XCBuildConfiguration;
			buildSettings = {
				CODE_SIGN_STYLE = Automatic;
				CURRENT_PROJECT_VERSION = 1;
				GENERATE_INFOPLIST_FILE = YES;
				MARKETING_VERSION = 1.0;
				PRODUCT_BUNDLE_IDENTIFIER = "co.nicktran.spendwise-nickUITests";
				PRODUCT_NAME = "$(TARGET_NAME)";
				SWIFT_EMIT_LOC_STRINGS = NO;
				SWIFT_VERSION = 5.0;
				TARGETED_DEVICE_FAMILY = "1,2";
				TEST_TARGET_NAME = spendwise_nick;
			};
			name = Release;
		};
/* End XCBuildConfiguration section */

/* Begin XCConfigurationList section */
		3E7E83D82F17363000E7FCDB /* Build configuration list for PBXNativeTarget "SpendWiseWidgetExtension" */ = {
			isa = XCConfigurationList;
			buildConfigurations = (
				3E7E83D92F17363000E7FCDB /* Debug */,
				3E7E83DA2F17363000E7FCDB /* Release */,
			);
			defaultConfigurationIsVisible = 0;
			defaultConfigurationName = Release;
		};
		3EB381462F161ADF0093F349 /* Build configuration list for PBXProject "spendwise_nick" */ = {
			isa = XCConfigurationList;
			buildConfigurations = (
				3EB3816C2F161AE10093F349 /* Debug */,
				3EB3816D2F161AE10093F349 /* Release */,
			);
			defaultConfigurationIsVisible = 0;
			defaultConfigurationName = Release;
		};
		3EB3816E2F161AE10093F349 /* Build configuration list for PBXNativeTarget "spendwise_nick" */ = {
			isa = XCConfigurationList;
			buildConfigurations = (
				3EB3816F2F161AE10093F349 /* Debug */,
				3EB381702F161AE10093F349 /* Release */,
			);
			defaultConfigurationIsVisible = 0;
			defaultConfigurationName = Release;
		};
		3EB381712F161AE10093F349 /* Build configuration list for PBXNativeTarget "spendwise_nickTests" */ = {
			isa = XCConfigurationList;
			buildConfigurations = (
				3EB381722F161AE10093F349 /* Debug */,
				3EB381732F161AE10093F349 /* Release */,
			);
			defaultConfigurationIsVisible = 0;
			defaultConfigurationName = Release;
		};
		3EB381742F161AE10093F349 /* Build configuration list for PBXNativeTarget "spendwise_nickUITests" */ = {
			isa = XCConfigurationList;
			buildConfigurations = (
				3EB381752F161AE10093F349 /* Debug */,
				3EB381762F161AE10093F349 /* Release */,
			);
			defaultConfigurationIsVisible = 0;
			defaultConfigurationName = Release;
		};
/* End XCConfigurationList section */
	};
	rootObject = 3EB381432F161ADF0093F349 /* Project object */;
}
